
Microsoft Visual Studio Solution File, Format Version 12.00
# Visual Studio Version 16
VisualStudioVersion = 16.0.31129.286
MinimumVisualStudioVersion = 10.0.40219.1
Project("{FAE04EC0-301F-11D3-BF4B-00C04F79EFBC}") = "Security_project", "Security_project\Security_project.csproj", "{A26FC1D3-569A-4E31-AD8D-3E5DE962CD84}"
EndProject
Global
	GlobalSection(SolutionConfigurationPlatforms) = preSolution
		Debug|Any CPU = Debug|Any CPU
		Release|Any CPU = Release|Any CPU
	EndGlobalSection
	GlobalSection(ProjectConfigurationPlatforms) = postSolution
		{A26FC1D3-569A-4E31-AD8D-3E5DE962CD84}.Debug|Any CPU.ActiveCfg = Debug|Any CPU
		{A26FC1D3-569A-4E31-AD8D-3E5DE962CD84}.Debug|Any CPU.Build.0 = Debug|Any CPU
		{A26FC1D3-569A-4E31-AD8D-3E5DE962CD84}.Release|Any CPU.ActiveCfg = Release|Any CPU
		{A26FC1D3-569A-4E31-AD8D-3E5DE962CD84}.Release|Any CPU.Build.0 = Release|Any CPU
	EndGlobalSection
	GlobalSection(SolutionProperties) = preSolution
		HideSolutionNode = FALSE
	EndGlobalSection
	GlobalSection(ExtensibilityGlobals) = postSolution
		SolutionGuid = {6D4ED25D-7FA8-457B-A828-0D006B4C9B7D}
	EndGlobalSection
EndGlobal
